// !$*UTF8*$!
{
	archiveVersion = 1;
	classes = {
	};
	objectVersion = 46;
	objects = {

/* Begin PBXBuildFile section */
		8E16AFE416D5331A006BA148 /* main.cpp in Sources */ = {isa = PBXBuildFile; fileRef = 8E16AFE316D5331A006BA148 /* main.cpp */; };
		8E16AFE816D5332A006BA148 /* Inquisition.cpp in Sources */ = {isa = PBXBuildFile; fileRef = 8E16AFE616D5332A006BA148 /* Inquisition.cpp */; };
/* End PBXBuildFile section */

/* Begin PBXCopyFilesBuildPhase section */
		8E16AFD516D532A3006BA148 /* CopyFiles */ = {
			isa = PBXCopyFilesBuildPhase;
			buildActionMask = 2147483647;
			dstPath = /usr/share/man/man1/;
			dstSubfolderSpec = 0;
			files = (
			);
			runOnlyForDeploymentPostprocessing = 1;
		};
/* End PBXCopyFilesBuildPhase section */

/* Begin PBXFileReference section */
		8E16AFD716D532A3006BA148 /* InquisitionTest */ = {isa = PBXFileReference; explicitFileType = "compiled.mach-o.executable"; includeInIndex = 0; path = InquisitionTest; sourceTree = BUILT_PRODUCTS_DIR; };
		8E16AFE316D5331A006BA148 /* main.cpp */ = {isa = PBXFileReference; fileEncoding = 4; lastKnownFileType = sourcecode.cpp.cpp; path = main.cpp; sourceTree = SOURCE_ROOT; };
		8E16AFE616D5332A006BA148 /* Inquisition.cpp */ = {isa = PBXFileReference; fileEncoding = 4; lastKnownFileType = sourcecode.cpp.cpp; name = Inquisition.cpp; path = ../Inquisition.cpp; sourceTree = "<group>"; };
		8E16AFE716D5332A006BA148 /* Inquisition.h */ = {isa = PBXFileReference; fileEncoding = 4; lastKnownFileType = sourcecode.c.h; name = Inquisition.h; path = ../Inquisition.h; sourceTree = "<group>"; };
/* End PBXFileReference section */

/* Begin PBXFrameworksBuildPhase section */
		8E16AFD416D532A3006BA148 /* Frameworks */ = {
			isa = PBXFrameworksBuildPhase;
			buildActionMask = 2147483647;
			files = (
			);
			runOnlyForDeploymentPostprocessing = 0;
		};
/* End PBXFrameworksBuildPhase section */

/* Begin PBXGroup section */
		8E16AFCE16D532A3006BA148 = {
			isa = PBXGroup;
			children = (
				8E16AFE516D5331D006BA148 /* Inquisition */,
				8E16AFD916D532A3006BA148 /* InquisitionTest */,
				8E16AFD816D532A3006BA148 /* Products */,
			);
			sourceTree = "<group>";
		};
		8E16AFD816D532A3006BA148 /* Products */ = {
			isa = PBXGroup;
			children = (
				8E16AFD716D532A3006BA148 /* InquisitionTest */,
			);
			name = Products;
			sourceTree = "<group>";
		};
		8E16AFD916D532A3006BA148 /* InquisitionTest */ = {
			isa = PBXGroup;
			children = (
				8E16AFE316D5331A006BA148 /* main.cpp */,
			);
			path = InquisitionTest;
			sourceTree = "<group>";
		};
		8E16AFE516D5331D006BA148 /* Inquisition */ = {
			isa = PBXGroup;
			children = (
				8E16AFE716D5332A006BA148 /* Inquisition.h */,
				8E16AFE616D5332A006BA148 /* Inquisition.cpp */,
			);
			name = Inquisition;
			sourceTree = "<group>";
		};
/* End PBXGroup section */

/* Begin PBXNativeTarget section */
		8E16AFD616D532A3006BA148 /* InquisitionTest */ = {
			isa = PBXNativeTarget;
			buildConfigurationList = 8E16AFE016D532A3006BA148 /* Build configuration list for PBXNativeTarget "InquisitionTest" */;
			buildPhases = (
				8E16AFD316D532A3006BA148 /* Sources */,
				8E16AFD416D532A3006BA148 /* Frameworks */,
				8E16AFD516D532A3006BA148 /* CopyFiles */,
			);
			buildRules = (
			);
			dependencies = (
			);
			name = InquisitionTest;
			productName = InquisitionTest;
			productReference = 8E16AFD716D532A3006BA148 /* InquisitionTest */;
			productType = "com.apple.product-type.tool";
		};
/* End PBXNativeTarget section */

/* Begin PBXProject section */
		8E16AFCF16D532A3006BA148 /* Project object */ = {
			isa = PBXProject;
			attributes = {
				LastUpgradeCheck = 0460;
				ORGANIZATIONNAME = "Arthur Langereis";
			};
			buildConfigurationList = 8E16AFD216D532A3006BA148 /* Build configuration list for PBXProject "InquisitionTest" */;
			compatibilityVersion = "Xcode 3.2";
			developmentRegion = English;
			hasScannedForEncodings = 0;
			knownRegions = (
				en,
			);
			mainGroup = 8E16AFCE16D532A3006BA148;
			productRefGroup = 8E16AFD816D532A3006BA148 /* Products */;
			projectDirPath = "";
			projectRoot = "";
			targets = (
				8E16AFD616D532A3006BA148 /* InquisitionTest */,
			);
		};
/* End PBXProject section */

/* Begin PBXSourcesBuildPhase section */
		8E16AFD316D532A3006BA148 /* Sources */ = {
			isa = PBXSourcesBuildPhase;
			buildActionMask = 2147483647;
			files = (
				8E16AFE416D5331A006BA148 /* main.cpp in Sources */,
				8E16AFE816D5332A006BA148 /* Inquisition.cpp in Sources */,
			);
			runOnlyForDeploymentPostprocessing = 0;
		};
/* End PBXSourcesBuildPhase section */

/* Begin XCBuildConfiguration section */
		8E16AFDE16D532A3006BA148 /* Debug */ = {
			isa = XCBuildConfiguration;
			buildSettings = {
				ALWAYS_SEARCH_USER_PATHS = NO;
				ARCHS = "$(ARCHS_STANDARD_64_BIT)";
				CLANG_CXX_LANGUAGE_STANDARD = "gnu++0x";
				CLANG_CXX_LIBRARY = "libc++";
				CLANG_WARN_CONSTANT_CONVERSION = YES;
				CLANG_WARN_EMPTY_BODY = YES;
				CLANG_WARN_ENUM_CONVERSION = YES;
				CLANG_WARN_INT_CONVERSION = YES;
				CLANG_WARN__DUPLICATE_METHOD_MATCH = YES;
				COPY_PHASE_STRIP = NO;
				GCC_C_LANGUAGE_STANDARD = gnu99;
				GCC_DYNAMIC_NO_PIC = NO;
				GCC_ENABLE_OBJC_EXCEPTIONS = YES;
				GCC_OPTIMIZATION_LEVEL = 0;
				GCC_PREPROCESSOR_DEFINITIONS = (
					"DEBUG=1",
					"$(inherited)",
				);
				GCC_SYMBOLS_PRIVATE_EXTERN = NO;
				GCC_WARN_64_TO_32_BIT_CONVERSION = YES;
				GCC_WARN_ABOUT_RETURN_TYPE = YES;
				GCC_WARN_UNINITIALIZED_AUTOS = YES;
				GCC_WARN_UNUSED_VARIABLE = YES;
				MACOSX_DEPLOYMENT_TARGET = 10.8;
				ONLY_ACTIVE_ARCH = YES;
				SDKROOT = macosx;
			};
			name = Debug;
		};
		8E16AFDF16D532A3006BA148 /* Release */ = {
			isa = XCBuildConfiguration;
			buildSettings = {
				ALWAYS_SEARCH_USER_PATHS = NO;
				ARCHS = "$(ARCHS_STANDARD_64_BIT)";
				CLANG_CXX_LANGUAGE_STANDARD = "gnu++0x";
				CLANG_CXX_LIBRARY = "libc++";
				CLANG_WARN_CONSTANT_CONVERSION = YES;
				CLANG_WARN_EMPTY_BODY = YES;
				CLANG_WARN_ENUM_CONVERSION = YES;
				CLANG_WARN_INT_CONVERSION = YES;
				CLANG_WARN__DUPLICATE_METHOD_MATCH = YES;
				COPY_PHASE_STRIP = YES;
				DEBUG_INFORMATION_FORMAT = "dwarf-with-dsym";
				GCC_C_LANGUAGE_STANDARD = gnu99;
				GCC_ENABLE_OBJC_EXCEPTIONS = YES;
				GCC_WARN_64_TO_32_BIT_CONVERSION = YES;
				GCC_WARN_ABOUT_RETURN_TYPE = YES;
				GCC_WARN_UNINITIALIZED_AUTOS = YES;
				GCC_WARN_UNUSED_VARIABLE = YES;
				MACOSX_DEPLOYMENT_TARGET = 10.8;
				SDKROOT = macosx;
			};
			name = Release;
		};
		8E16AFE116D532A3006BA148 /* Debug */ = {
			isa = XCBuildConfiguration;
			buildSettings = {
				PRODUCT_NAME = "$(TARGET_NAME)";
			};
			name = Debug;
		};
		8E16AFE216D532A3006BA148 /* Release */ = {
			isa = XCBuildConfiguration;
			buildSettings = {
				PRODUCT_NAME = "$(TARGET_NAME)";
			};
			name = Release;
		};
/* End XCBuildConfiguration section */

/* Begin XCConfigurationList section */
		8E16AFD216D532A3006BA148 /* Build configuration list for PBXProject "InquisitionTest" */ = {
			isa = XCConfigurationList;
			buildConfigurations = (
				8E16AFDE16D532A3006BA148 /* Debug */,
				8E16AFDF16D532A3006BA148 /* Release */,
			);
			defaultConfigurationIsVisible = 0;
			defaultConfigurationName = Release;
		};
		8E16AFE016D532A3006BA148 /* Build configuration list for PBXNativeTarget "InquisitionTest" */ = {
			isa = XCConfigurationList;
			buildConfigurations = (
				8E16AFE116D532A3006BA148 /* Debug */,
				8E16AFE216D532A3006BA148 /* Release */,
			);
			defaultConfigurationIsVisible = 0;
			defaultConfigurationName = Release;
		};
/* End XCConfigurationList section */
	};
	rootObject = 8E16AFCF16D532A3006BA148 /* Project object */;
}
